// !$*UTF8*$!
{
	archiveVersion = 1;
	classes = {
	};
	objectVersion = 46;
	objects = {

/* Begin PBXBuildFile section */
		AEEA2A441F08288700E775E5 /* AppDelegate.swift in Sources */ = {isa = PBXBuildFile; fileRef = AEEA2A431F08288700E775E5 /* AppDelegate.swift */; };
		AEEA2A461F08288700E775E5 /* ViewController.swift in Sources */ = {isa = PBXBuildFile; fileRef = AEEA2A451F08288700E775E5 /* ViewController.swift */; };
		AEEA2A491F08288700E775E5 /* Main.storyboard in Resources */ = {isa = PBXBuildFile; fileRef = AEEA2A471F08288700E775E5 /* Main.storyboard */; };
		AEEA2A4B1F08288700E775E5 /* Assets.xcassets in Resources */ = {isa = PBXBuildFile; fileRef = AEEA2A4A1F08288700E775E5 /* Assets.xcassets */; };
		AEEA2A4E1F08288700E775E5 /* LaunchScreen.storyboard in Resources */ = {isa = PBXBuildFile; fileRef = AEEA2A4C1F08288700E775E5 /* LaunchScreen.storyboard */; };
/* End PBXBuildFile section */

/* Begin PBXFileReference section */
		AEEA2A401F08288700E775E5 /* login-checker.app */ = {isa = PBXFileReference; explicitFileType = wrapper.application; includeInIndex = 0; path = "login-checker.app"; sourceTree = BUILT_PRODUCTS_DIR; };
		AEEA2A431F08288700E775E5 /* AppDelegate.swift */ = {isa = PBXFileReference; lastKnownFileType = sourcecode.swift; path = AppDelegate.swift; sourceTree = "<group>"; };
		AEEA2A451F08288700E775E5 /* ViewController.swift */ = {isa = PBXFileReference; lastKnownFileType = sourcecode.swift; path = ViewController.swift; sourceTree = "<group>"; };
		AEEA2A481F08288700E775E5 /* Base */ = {isa = PBXFileReference; lastKnownFileType = file.storyboard; name = Base; path = Base.lproj/Main.storyboard; sourceTree = "<group>"; };
		AEEA2A4A1F08288700E775E5 /* Assets.xcassets */ = {isa = PBXFileReference; lastKnownFileType = folder.assetcatalog; path = Assets.xcassets; sourceTree = "<group>"; };
		AEEA2A4D1F08288700E775E5 /* Base */ = {isa = PBXFileReference; lastKnownFileType = file.storyboard; name = Base; path = Base.lproj/LaunchScreen.storyboard; sourceTree = "<group>"; };
		AEEA2A4F1F08288700E775E5 /* Info.plist */ = {isa = PBXFileReference; lastKnownFileType = text.plist.xml; path = Info.plist; sourceTree = "<group>"; };
/* End PBXFileReference section */

/* Begin PBXFrameworksBuildPhase section */
		AEEA2A3D1F08288700E775E5 /* Frameworks */ = {
			isa = PBXFrameworksBuildPhase;
			buildActionMask = 2147483647;
			files = (
			);
			runOnlyForDeploymentPostprocessing = 0;
		};
/* End PBXFrameworksBuildPhase section */

/* Begin PBXGroup section */
		AEEA2A371F08288700E775E5 = {
			isa = PBXGroup;
			children = (
				AEEA2A421F08288700E775E5 /* login-checker */,
				AEEA2A411F08288700E775E5 /* Products */,
			);
			sourceTree = "<group>";
		};
		AEEA2A411F08288700E775E5 /* Products */ = {
			isa = PBXGroup;
			children = (
				AEEA2A401F08288700E775E5 /* login-checker.app */,
			);
			name = Products;
			sourceTree = "<group>";
		};
		AEEA2A421F08288700E775E5 /* login-checker */ = {
			isa = PBXGroup;
			children = (
				AEEA2A431F08288700E775E5 /* AppDelegate.swift */,
				AEEA2A451F08288700E775E5 /* ViewController.swift */,
				AEEA2A471F08288700E775E5 /* Main.storyboard */,
				AEEA2A4A1F08288700E775E5 /* Assets.xcassets */,
				AEEA2A4C1F08288700E775E5 /* LaunchScreen.storyboard */,
				AEEA2A4F1F08288700E775E5 /* Info.plist */,
			);
			path = "login-checker";
			sourceTree = "<group>";
		};
/* End PBXGroup section */

/* Begin PBXNativeTarget section */
		AEEA2A3F1F08288700E775E5 /* login-checker */ = {
			isa = PBXNativeTarget;
			buildConfigurationList = AEEA2A521F08288700E775E5 /* Build configuration list for PBXNativeTarget "login-checker" */;
			buildPhases = (
				AEEA2A3C1F08288700E775E5 /* Sources */,
				AEEA2A3D1F08288700E775E5 /* Frameworks */,
				AEEA2A3E1F08288700E775E5 /* Resources */,
			);
			buildRules = (
			);
			dependencies = (
			);
			name = "login-checker";
			productName = "login-checker";
			productReference = AEEA2A401F08288700E775E5 /* login-checker.app */;
			productType = "com.apple.product-type.application";
		};
/* End PBXNativeTarget section */

/* Begin PBXProject section */
		AEEA2A381F08288700E775E5 /* Project object */ = {
			isa = PBXProject;
			attributes = {
				LastSwiftUpdateCheck = 0830;
				LastUpgradeCheck = 0830;
				ORGANIZATIONNAME = "Beardy Apps";
				TargetAttributes = {
					AEEA2A3F1F08288700E775E5 = {
						CreatedOnToolsVersion = 8.3.2;
						ProvisioningStyle = Automatic;
					};
				};
			};
			buildConfigurationList = AEEA2A3B1F08288700E775E5 /* Build configuration list for PBXProject "login-checker" */;
			compatibilityVersion = "Xcode 3.2";
			developmentRegion = English;
			hasScannedForEncodings = 0;
			knownRegions = (
				en,
				Base,
			);
			mainGroup = AEEA2A371F08288700E775E5;
			productRefGroup = AEEA2A411F08288700E775E5 /* Products */;
			projectDirPath = "";
			projectRoot = "";
			targets = (
				AEEA2A3F1F08288700E775E5 /* login-checker */,
			);
		};
/* End PBXProject section */

/* Begin PBXResourcesBuildPhase section */
		AEEA2A3E1F08288700E775E5 /* Resources */ = {
			isa = PBXResourcesBuildPhase;
			buildActionMask = 2147483647;
			files = (
				AEEA2A4E1F08288700E775E5 /* LaunchScreen.storyboard in Resources */,
				AEEA2A4B1F08288700E775E5 /* Assets.xcassets in Resources */,
				AEEA2A491F08288700E775E5 /* Main.storyboard in Resources */,
			);
			runOnlyForDeploymentPostprocessing = 0;
		};
/* End PBXResourcesBuildPhase section */

/* Begin PBXSourcesBuildPhase section */
		AEEA2A3C1F08288700E775E5 /* Sources */ = {
			isa = PBXSourcesBuildPhase;
			buildActionMask = 2147483647;
			files = (
				AEEA2A461F08288700E775E5 /* ViewController.swift in Sources */,
				AEEA2A441F08288700E775E5 /* AppDelegate.swift in Sources */,
			);
			runOnlyForDeploymentPostprocessing = 0;
		};
/* End PBXSourcesBuildPhase section */

/* Begin PBXVariantGroup section */
		AEEA2A471F08288700E775E5 /* Main.storyboard */ = {
			isa = PBXVariantGroup;
			children = (
				AEEA2A481F08288700E775E5 /* Base */,
			);
			name = Main.storyboard;
			sourceTree = "<group>";
		};
		AEEA2A4C1F08288700E775E5 /* LaunchScreen.storyboard */ = {
			isa = PBXVariantGroup;
			children = (
				AEEA2A4D1F08288700E775E5 /* Base */,
			);
			name = LaunchScreen.storyboard;
			sourceTree = "<group>";
		};
/* End PBXVariantGroup section */

/* Begin XCBuildConfiguration section */
		AEEA2A501F08288700E775E5 /* Debug */ = {
			isa = XCBuildConfiguration;
			buildSettings = {
				ALWAYS_SEARCH_USER_PATHS = NO;
				CLANG_ANALYZER_NONNULL = YES;
				CLANG_ANALYZER_NUMBER_OBJECT_CONVERSION = YES_AGGRESSIVE;
				CLANG_CXX_LANGUAGE_STANDARD = "gnu++0x";
				CLANG_CXX_LIBRARY = "libc++";
				CLANG_ENABLE_MODULES = YES;
				CLANG_ENABLE_OBJC_ARC = YES;
				CLANG_WARN_BOOL_CONVERSION = YES;
				CLANG_WARN_CONSTANT_CONVERSION = YES;
				CLANG_WARN_DIRECT_OBJC_ISA_USAGE = YES_ERROR;
				CLANG_WARN_DOCUMENTATION_COMMENTS = YES;
				CLANG_WARN_EMPTY_BODY = YES;
				CLANG_WARN_ENUM_CONVERSION = YES;
				CLANG_WARN_INFINITE_RECURSION = YES;
				CLANG_WARN_INT_CONVERSION = YES;
				CLANG_WARN_OBJC_ROOT_CLASS = YES_ERROR;
				CLANG_WARN_SUSPICIOUS_MOVE = YES;
				CLANG_WARN_UNREACHABLE_CODE = YES;
				CLANG_WARN__DUPLICATE_METHOD_MATCH = YES;
				"CODE_SIGN_IDENTITY[sdk=iphoneos*]" = "iPhone Developer";
				COPY_PHASE_STRIP = NO;
				DEBUG_INFORMATION_FORMAT = dwarf;
				ENABLE_STRICT_OBJC_MSGSEND = YES;
				ENABLE_TESTABILITY = YES;
				GCC_C_LANGUAGE_STANDARD = gnu99;
				GCC_DYNAMIC_NO_PIC = NO;
				GCC_NO_COMMON_BLOCKS = YES;
				GCC_OPTIMIZATION_LEVEL = 0;
				GCC_PREPROCESSOR_DEFINITIONS = (
					"DEBUG=1",
					"$(inherited)",
				);
				GCC_WARN_64_TO_32_BIT_CONVERSION = YES;
				GCC_WARN_ABOUT_RETURN_TYPE = YES_ERROR;
				GCC_WARN_UNDECLARED_SELECTOR = YES;
				GCC_WARN_UNINITIALIZED_AUTOS = YES_AGGRESSIVE;
				GCC_WARN_UNUSED_FUNCTION = YES;
				GCC_WARN_UNUSED_VARIABLE = YES;
				IPHONEOS_DEPLOYMENT_TARGET = 10.3;
				MTL_ENABLE_DEBUG_INFO = YES;
				ONLY_ACTIVE_ARCH = YES;
				SDKROOT = iphoneos;
				SWIFT_ACTIVE_COMPILATION_CONDITIONS = DEBUG;
				SWIFT_OPTIMIZATION_LEVEL = "-Onone";
			};
			name = Debug;
		};
		AEEA2A511F08288700E775E5 /* Release */ = {
			isa = XCBuildConfiguration;
			buildSettings = {
				ALWAYS_SEARCH_USER_PATHS = NO;
				CLANG_ANALYZER_NONNULL = YES;
				CLANG_ANALYZER_NUMBER_OBJECT_CONVERSION = YES_AGGRESSIVE;
				CLANG_CXX_LANGUAGE_STANDARD = "gnu++0x";
				CLANG_CXX_LIBRARY = "libc++";
				CLANG_ENABLE_MODULES = YES;
				CLANG_ENABLE_OBJC_ARC = YES;
				CLANG_WARN_BOOL_CONVERSION = YES;
				CLANG_WARN_CONSTANT_CONVERSION = YES;
				CLANG_WARN_DIRECT_OBJC_ISA_USAGE = YES_ERROR;
				CLANG_WARN_DOCUMENTATION_COMMENTS = YES;
				CLANG_WARN_EMPTY_BODY = YES;
				CLANG_WARN_ENUM_CONVERSION = YES;
				CLANG_WARN_INFINITE_RECURSION = YES;
				CLANG_WARN_INT_CONVERSION = YES;
				CLANG_WARN_OBJC_ROOT_CLASS = YES_ERROR;
				CLANG_WARN_SUSPICIOUS_MOVE = YES;
				CLANG_WARN_UNREACHABLE_CODE = YES;
				CLANG_WARN__DUPLICATE_METHOD_MATCH = YES;
				"CODE_SIGN_IDENTITY[sdk=iphoneos*]" = "iPhone Developer";
				COPY_PHASE_STRIP = NO;
				DEBUG_INFORMATION_FORMAT = "dwarf-with-dsym";
				ENABLE_NS_ASSERTIONS = NO;
				ENABLE_STRICT_OBJC_MSGSEND = YES;
				GCC_C_LANGUAGE_STANDARD = gnu99;
				GCC_NO_COMMON_BLOCKS = YES;
				GCC_WARN_64_TO_32_BIT_CONVERSION = YES;
				GCC_WARN_ABOUT_RETURN_TYPE = YES_ERROR;
				GCC_WARN_UNDECLARED_SELECTOR = YES;
				GCC_WARN_UNINITIALIZED_AUTOS = YES_AGGRESSIVE;
				GCC_WARN_UNUSED_FUNCTION = YES;
				GCC_WARN_UNUSED_VARIABLE = YES;
				IPHONEOS_DEPLOYMENT_TARGET = 10.3;
				MTL_ENABLE_DEBUG_INFO = NO;
				SDKROOT = iphoneos;
				SWIFT_OPTIMIZATION_LEVEL = "-Owholemodule";
				VALIDATE_PRODUCT = YES;
			};
			name = Release;
		};
		AEEA2A531F08288700E775E5 /* Debug */ = {
			isa = XCBuildConfiguration;
			buildSettings = {
				ASSETCATALOG_COMPILER_APPICON_NAME = AppIcon;
				INFOPLIST_FILE = "login-checker/Info.plist";
				LD_RUNPATH_SEARCH_PATHS = "$(inherited) @executable_path/Frameworks";
				PRODUCT_BUNDLE_IDENTIFIER = "com.beardyapps.login-checker";
				PRODUCT_NAME = "$(TARGET_NAME)";
				SWIFT_VERSION = 3.0;
			};
			name = Debug;
		};
		AEEA2A541F08288700E775E5 /* Release */ = {
			isa = XCBuildConfiguration;
			buildSettings = {
				ASSETCATALOG_COMPILER_APPICON_NAME = AppIcon;
				INFOPLIST_FILE = "login-checker/Info.plist";
				LD_RUNPATH_SEARCH_PATHS = "$(inherited) @executable_path/Frameworks";
				PRODUCT_BUNDLE_IDENTIFIER = "com.beardyapps.login-checker";
				PRODUCT_NAME = "$(TARGET_NAME)";
				SWIFT_VERSION = 3.0;
			};
			name = Release;
		};
/* End XCBuildConfiguration section */

/* Begin XCConfigurationList section */
		AEEA2A3B1F08288700E775E5 /* Build configuration list for PBXProject "login-checker" */ = {
			isa = XCConfigurationList;
			buildConfigurations = (
				AEEA2A501F08288700E775E5 /* Debug */,
				AEEA2A511F08288700E775E5 /* Release */,
			);
			defaultConfigurationIsVisible = 0;
			defaultConfigurationName = Release;
		};
		AEEA2A521F08288700E775E5 /* Build configuration list for PBXNativeTarget "login-checker" */ = {
			isa = XCConfigurationList;
			buildConfigurations = (
				AEEA2A531F08288700E775E5 /* Debug */,
				AEEA2A541F08288700E775E5 /* Release */,
			);
			defaultConfigurationIsVisible = 0;
		};
/* End XCConfigurationList section */
	};
	rootObject = AEEA2A381F08288700E775E5 /* Project object */;
}
